
Microsoft Visual Studio Solution File, Format Version 12.00
# Visual Studio Version 16
VisualStudioVersion = 16.0.30503.244
MinimumVisualStudioVersion = 10.0.40219.1
Project("{FAE04EC0-301F-11D3-BF4B-00C04F79EFBC}") = "systems-data", "systems-data\systems-data.csproj", "{A7512B10-EDC7-434D-80EA-78C9D7DAF1A4}"
EndProject
Project("{FAE04EC0-301F-11D3-BF4B-00C04F79EFBC}") = "DAL", "DAL\DAL.csproj", "{DC7A78EA-C042-4A6B-81CE-392F64874D24}"
EndProject
Global
	GlobalSection(SolutionConfigurationPlatforms) = preSolution
		Debug|Any CPU = Debug|Any CPU
		Release|Any CPU = Release|Any CPU
	EndGlobalSection
	GlobalSection(ProjectConfigurationPlatforms) = postSolution
		{A7512B10-EDC7-434D-80EA-78C9D7DAF1A4}.Debug|Any CPU.ActiveCfg = Debug|Any CPU
		{A7512B10-EDC7-434D-80EA-78C9D7DAF1A4}.Debug|Any CPU.Build.0 = Debug|Any CPU
		{A7512B10-EDC7-434D-80EA-78C9D7DAF1A4}.Release|Any CPU.ActiveCfg = Release|Any CPU
		{A7512B10-EDC7-434D-80EA-78C9D7DAF1A4}.Release|Any CPU.Build.0 = Release|Any CPU
		{DC7A78EA-C042-4A6B-81CE-392F64874D24}.Debug|Any CPU.ActiveCfg = Debug|Any CPU
		{DC7A78EA-C042-4A6B-81CE-392F64874D24}.Debug|Any CPU.Build.0 = Debug|Any CPU
		{DC7A78EA-C042-4A6B-81CE-392F64874D24}.Release|Any CPU.ActiveCfg = Release|Any CPU
		{DC7A78EA-C042-4A6B-81CE-392F64874D24}.Release|Any CPU.Build.0 = Release|Any CPU
	EndGlobalSection
	GlobalSection(SolutionProperties) = preSolution
		HideSolutionNode = FALSE
	EndGlobalSection
	GlobalSection(ExtensibilityGlobals) = postSolution
		SolutionGuid = {20BEA25B-E5A4-4CCB-9CE7-1B1B44B1CF4B}
	EndGlobalSection
EndGlobal
